{
  "object": {
    "pins": [
      {
        "package": "DatabaseAbstraction",
        "repositoryURL": "https://github.com/bogdanovkv/DatabaseAbstraction",
        "state": {
          "branch": null,
          "revision": "45d3f3955c672c4166e430200e515ed3e902ceb8",
          "version": "1.0.3"
        }
      }
    ]
  },
  "version": 1
}
